github.com/davecgh/go-spew v1.1.1 h1:vj9j/u1bqnvCEfJOwUhtlOARqs3+rkHYY13jYWTU97c=
github.com/davecgh/go-spew v1.1.1/go.mod h1:J7Y8YcW2NihsgmVo/mv3lAwl/skON4iLHjSsI+c5H38=
github.com/inspirer/textmapper v0.0.0-20181130124126-b0668bb65599 h1:SDPDMZhyZUIINXmwIrsppsodX15kmkC8pvkE4SSQfMo=
github.com/inspirer/textmapper v0.0.0-20181130124126-b0668bb65599/go.mod h1:SpoIwXu07A3gguovN379QUCTHpUk1lhX2KIjVxpQOas=
github.com/kr/pretty v0.1.0 h1:L/CwN0zerZDmRFUapSPitk6f+Q3+0za1rQkzVuMiMFI=
github.com/kr/pretty v0.1.0/go.mod h1:dAy3ld7l9f0ibDNOQOHHMYYIIbhfbHSm3C4ZsoJORNo=
github.com/kr/pty v1.1.1/go.mod h1:pFQYn66WHrOpPYNljwOMqo10TkYh1fy3cYio2l3bCsQ=
github.com/kr/text v0.1.0 h1:45sCR5RtlFHMR4UwH9sdQ5TC8v0qDQCHnXt+kaKSTVE=
github.com/kr/text v0.1.0/go.mod h1:4Jbv+DJW3UT/LiOwJeYQe1efqtUx/iVham/4vfdArNI=
github.com/llir/ll v0.0.0-20181130124432-c921b17125cd h1:j+LP4uiuyIYUeT2k0EUq2I0RT2qoG/O+8ZMMZmf66PM=
github.com/llir/ll v0.0.0-20181130124432-c921b17125cd/go.mod h1:cn5BEGWlH2Dt/Zh324p1jR2GT7wYWT6oVxc1T6ghYKU=
github.com/mewkiz/pkg v0.0.0-20181119122551-9729f4f4ff2b h1:XHFBx9ZEVHnSCRiTz7w1a/NRBk9x7iyFiqnoN6R+vu8=
github.com/mewkiz/pkg v0.0.0-20181119122551-9729f4f4ff2b/go.mod h1:bhmdGJSMX5WCIBFmk27tBnUvBJm5WxXmarBV41qvbNI=
github.com/mewmew/float v0.0.0-20181121163145-c0f786d7da73 h1:bTqCgPsW3TFb9MFtvaOmGFWVhCmN3EmRw02zkchdOHo=
github.com/mewmew/float v0.0.0-20181121163145-c0f786d7da73/go.mod h1:obQBs6O+vjhgOZLkGdALxItKw4xrI49lSBEnAMO6lWI=
github.com/mewspring/tools v0.0.0-20181107085742-4dbfa080ff87 h1:F2Al+vk1BRMOIx0Sp7qIp4PfzgLlD8ItGsCx7O+b+nw=
github.com/mewspring/tools v0.0.0-20181107085742-4dbfa080ff87/go.mod h1:UAdVbSksr+7Bg+z4mga16OaBg3qAcgdaF3x3AeqJHEs=
github.com/pkg/errors v0.8.0 h1:WdK/asTD0HN+q6hsWO3/vpuAkAr+tw6aNJNDFFf0+qw=
github.com/pkg/errors v0.8.0/go.mod h1:bwawxfHBFNV+L2hUp1rHADufV3IMtnDRdf1r5NINEl0=
github.com/pmezard/go-difflib v1.0.0 h1:4DBwDE0NGyQoBHbLQYPwSUPoCMWR5BEzIk/f1lZbAQM=
github.com/pmezard/go-difflib v1.0.0/go.mod h1:iKH77koFhYxTK1pcRnkKkqfTogsbg7gZNVY4sRDYZ/4=
github.com/sergi/go-diff v1.0.0 h1:Kpca3qRNrduNnOQeazBd0ysaKrUJiIuISHxogkT9RPQ=
github.com/sergi/go-diff v1.0.0/go.mod h1:0CfEIISq7TuYL3j771MWULgwwjU+GofnZX9QAmXWZgo=
github.com/stretchr/testify v1.2.2 h1:bSDNvY7ZPG5RlJ8otE/7V6gMiyenm9RtJ7IUVIAoJ1w=
github.com/stretchr/testify v1.2.2/go.mod h1:a8OnRcib4nhh0OaRAV+Yts87kKdq0PP7pXfy6kDkUVs=
golang.org/x/tools v0.0.0-20181130052023-1c3d964395ce h1:Gi26mRaGtAreZ9IadlBiwSJT1EDsfk4BSHBD9oxXEFY=
golang.org/x/tools v0.0.0-20181130052023-1c3d964395ce/go.mod h1:n7NCudcB/nEzxVGmLbDWY5pfWTLqBcC2KZ6jyYvM4mQ=
